
Microsoft Visual Studio Solution File, Format Version 12.00
# Visual Studio Version 17
VisualStudioVersion = 17.4.33213.308
MinimumVisualStudioVersion = 10.0.40219.1
Project("{9A19103F-16F7-4668-BE54-9A1E7A4F7556}") = "Bank", "Bank\Bank.csproj", "{F582D9A3-102E-4BD9-A401-03AB2E313E57}"
EndProject
Global
	GlobalSection(SolutionConfigurationPlatforms) = preSolution
		Debug|Any CPU = Debug|Any CPU
		Release|Any CPU = Release|Any CPU
	EndGlobalSection
	GlobalSection(ProjectConfigurationPlatforms) = postSolution
		{F582D9A3-102E-4BD9-A401-03AB2E313E57}.Debug|Any CPU.ActiveCfg = Debug|Any CPU
		{F582D9A3-102E-4BD9-A401-03AB2E313E57}.Debug|Any CPU.Build.0 = Debug|Any CPU
		{F582D9A3-102E-4BD9-A401-03AB2E313E57}.Release|Any CPU.ActiveCfg = Release|Any CPU
		{F582D9A3-102E-4BD9-A401-03AB2E313E57}.Release|Any CPU.Build.0 = Release|Any CPU
	EndGlobalSection
	GlobalSection(SolutionProperties) = preSolution
		HideSolutionNode = FALSE
	EndGlobalSection
	GlobalSection(ExtensibilityGlobals) = postSolution
		SolutionGuid = {4BF74DA1-FA8C-436B-B874-7EAFCC7C320A}
	EndGlobalSection
EndGlobal
